
Microsoft Visual Studio Solution File, Format Version 12.00
# Visual Studio Version 17
VisualStudioVersion = 17.14.36301.6 d17.14
MinimumVisualStudioVersion = 10.0.40219.1
Project("{FAE04EC0-301F-11D3-BF4B-00C04F79EFBC}") = "_LayoutImport", "_LayoutImport.csproj", "{71262070-7C63-4AE0-B945-11A861C1261F}"
EndProject
Global
	GlobalSection(SolutionConfigurationPlatforms) = preSolution
		Debug|Any CPU = Debug|Any CPU
		Release|Any CPU = Release|Any CPU
	EndGlobalSection
	GlobalSection(ProjectConfigurationPlatforms) = postSolution
		{71262070-7C63-4AE0-B945-11A861C1261F}.Debug|Any CPU.ActiveCfg = Debug|Any CPU
		{71262070-7C63-4AE0-B945-11A861C1261F}.Debug|Any CPU.Build.0 = Debug|Any CPU
		{71262070-7C63-4AE0-B945-11A861C1261F}.Release|Any CPU.ActiveCfg = Release|Any CPU
		{71262070-7C63-4AE0-B945-11A861C1261F}.Release|Any CPU.Build.0 = Release|Any CPU
	EndGlobalSection
	GlobalSection(SolutionProperties) = preSolution
		HideSolutionNode = FALSE
	EndGlobalSection
	GlobalSection(ExtensibilityGlobals) = postSolution
		SolutionGuid = {C013BCDF-0AE4-4FF5-A421-64FF3272D4D1}
	EndGlobalSection
EndGlobal
