
Microsoft Visual Studio Solution File, Format Version 12.00
# Visual Studio Version 17
VisualStudioVersion = 17.14.36301.6 d17.14
MinimumVisualStudioVersion = 10.0.40219.1
Project("{FAE04EC0-301F-11D3-BF4B-00C04F79EFBC}") = "CodeFirstAspWithEF", "CodeFirstAspWithEF.csproj", "{5350BF2D-253A-4287-B1B8-D7BDA93CEDB6}"
EndProject
Global
	GlobalSection(SolutionConfigurationPlatforms) = preSolution
		Debug|Any CPU = Debug|Any CPU
		Release|Any CPU = Release|Any CPU
	EndGlobalSection
	GlobalSection(ProjectConfigurationPlatforms) = postSolution
		{5350BF2D-253A-4287-B1B8-D7BDA93CEDB6}.Debug|Any CPU.ActiveCfg = Debug|Any CPU
		{5350BF2D-253A-4287-B1B8-D7BDA93CEDB6}.Debug|Any CPU.Build.0 = Debug|Any CPU
		{5350BF2D-253A-4287-B1B8-D7BDA93CEDB6}.Release|Any CPU.ActiveCfg = Release|Any CPU
		{5350BF2D-253A-4287-B1B8-D7BDA93CEDB6}.Release|Any CPU.Build.0 = Release|Any CPU
	EndGlobalSection
	GlobalSection(SolutionProperties) = preSolution
		HideSolutionNode = FALSE
	EndGlobalSection
	GlobalSection(ExtensibilityGlobals) = postSolution
		SolutionGuid = {909F3448-9029-4674-968A-9757A9F34523}
	EndGlobalSection
EndGlobal
