
Microsoft Visual Studio Solution File, Format Version 12.00
# Visual Studio Version 17
VisualStudioVersion = 17.14.36301.6 d17.14
MinimumVisualStudioVersion = 10.0.40219.1
Project("{FAE04EC0-301F-11D3-BF4B-00C04F79EFBC}") = "DotNetCoreMiddleware", "DotNetCoreMiddleware.csproj", "{65E685C9-7B97-47DE-AC87-AB8F3AA85794}"
EndProject
Global
	GlobalSection(SolutionConfigurationPlatforms) = preSolution
		Debug|Any CPU = Debug|Any CPU
		Release|Any CPU = Release|Any CPU
	EndGlobalSection
	GlobalSection(ProjectConfigurationPlatforms) = postSolution
		{65E685C9-7B97-47DE-AC87-AB8F3AA85794}.Debug|Any CPU.ActiveCfg = Debug|Any CPU
		{65E685C9-7B97-47DE-AC87-AB8F3AA85794}.Debug|Any CPU.Build.0 = Debug|Any CPU
		{65E685C9-7B97-47DE-AC87-AB8F3AA85794}.Release|Any CPU.ActiveCfg = Release|Any CPU
		{65E685C9-7B97-47DE-AC87-AB8F3AA85794}.Release|Any CPU.Build.0 = Release|Any CPU
	EndGlobalSection
	GlobalSection(SolutionProperties) = preSolution
		HideSolutionNode = FALSE
	EndGlobalSection
	GlobalSection(ExtensibilityGlobals) = postSolution
		SolutionGuid = {4F378458-4B62-44E1-AFBB-7E0EBE07C38F}
	EndGlobalSection
EndGlobal
